
Microsoft Visual Studio Solution File, Format Version 12.00
# Visual Studio Version 17
VisualStudioVersion = 17.13.35825.156 d17.13
MinimumVisualStudioVersion = 10.0.40219.1
Project("{FAE04EC0-301F-11D3-BF4B-00C04F79EFBC}") = "Game_Engine", "Game_Engine\Game_Engine.csproj", "{346A5FBF-732B-44A2-83A6-9DE2DE35EF00}"
EndProject
Global
	GlobalSection(SolutionConfigurationPlatforms) = preSolution
		Debug|Any CPU = Debug|Any CPU
		Release|Any CPU = Release|Any CPU
	EndGlobalSection
	GlobalSection(ProjectConfigurationPlatforms) = postSolution
		{346A5FBF-732B-44A2-83A6-9DE2DE35EF00}.Debug|Any CPU.ActiveCfg = Debug|Any CPU
		{346A5FBF-732B-44A2-83A6-9DE2DE35EF00}.Debug|Any CPU.Build.0 = Debug|Any CPU
		{346A5FBF-732B-44A2-83A6-9DE2DE35EF00}.Release|Any CPU.ActiveCfg = Release|Any CPU
		{346A5FBF-732B-44A2-83A6-9DE2DE35EF00}.Release|Any CPU.Build.0 = Release|Any CPU
	EndGlobalSection
	GlobalSection(SolutionProperties) = preSolution
		HideSolutionNode = FALSE
	EndGlobalSection
	GlobalSection(ExtensibilityGlobals) = postSolution
		SolutionGuid = {27F0C3FC-A07D-45FE-9EB3-E7B865BF49D7}
	EndGlobalSection
EndGlobal
